
Microsoft Visual Studio Solution File, Format Version 12.00
# Visual Studio Version 17
VisualStudioVersion = 17.3.32929.385
MinimumVisualStudioVersion = 10.0.40219.1
Project("{FAE04EC0-301F-11D3-BF4B-00C04F79EFBC}") = "ListExampleProject", "ListExampleProject\ListExampleProject.csproj", "{B234D9FE-CCF0-44AF-98C3-1E93306F1D4B}"
EndProject
Global
	GlobalSection(SolutionConfigurationPlatforms) = preSolution
		Debug|Any CPU = Debug|Any CPU
		Release|Any CPU = Release|Any CPU
	EndGlobalSection
	GlobalSection(ProjectConfigurationPlatforms) = postSolution
		{B234D9FE-CCF0-44AF-98C3-1E93306F1D4B}.Debug|Any CPU.ActiveCfg = Debug|Any CPU
		{B234D9FE-CCF0-44AF-98C3-1E93306F1D4B}.Debug|Any CPU.Build.0 = Debug|Any CPU
		{B234D9FE-CCF0-44AF-98C3-1E93306F1D4B}.Release|Any CPU.ActiveCfg = Release|Any CPU
		{B234D9FE-CCF0-44AF-98C3-1E93306F1D4B}.Release|Any CPU.Build.0 = Release|Any CPU
	EndGlobalSection
	GlobalSection(SolutionProperties) = preSolution
		HideSolutionNode = FALSE
	EndGlobalSection
	GlobalSection(ExtensibilityGlobals) = postSolution
		SolutionGuid = {CCAAAC19-82E7-452A-A50A-D5941D91B42D}
	EndGlobalSection
EndGlobal
